
Microsoft Visual Studio Solution File, Format Version 12.00
# Visual Studio Version 16
VisualStudioVersion = 16.0.29326.143
MinimumVisualStudioVersion = 10.0.40219.1
Project("{FAE04EC0-301F-11D3-BF4B-00C04F79EFBC}") = "MiscProj", "MiscProj\MiscProj.csproj", "{26830AB6-C3E0-4773-88BC-96337280A1C0}"
EndProject
Global
	GlobalSection(SolutionConfigurationPlatforms) = preSolution
		Debug|Any CPU = Debug|Any CPU
		Release|Any CPU = Release|Any CPU
	EndGlobalSection
	GlobalSection(ProjectConfigurationPlatforms) = postSolution
		{26830AB6-C3E0-4773-88BC-96337280A1C0}.Debug|Any CPU.ActiveCfg = Debug|Any CPU
		{26830AB6-C3E0-4773-88BC-96337280A1C0}.Debug|Any CPU.Build.0 = Debug|Any CPU
		{26830AB6-C3E0-4773-88BC-96337280A1C0}.Release|Any CPU.ActiveCfg = Release|Any CPU
		{26830AB6-C3E0-4773-88BC-96337280A1C0}.Release|Any CPU.Build.0 = Release|Any CPU
	EndGlobalSection
	GlobalSection(SolutionProperties) = preSolution
		HideSolutionNode = FALSE
	EndGlobalSection
	GlobalSection(ExtensibilityGlobals) = postSolution
		SolutionGuid = {4DD892AC-9BD1-41D8-974E-B95D1B320FD7}
	EndGlobalSection
EndGlobal
