
Microsoft Visual Studio Solution File, Format Version 12.00
# Visual Studio 15
VisualStudioVersion = 15.0.26124.0
MinimumVisualStudioVersion = 15.0.26124.0
Project("{FAE04EC0-301F-11D3-BF4B-00C04F79EFBC}") = "ShapesApp.App", "ShapesApp.App\ShapesApp.App.csproj", "{20E426C0-3D1A-4A98-9044-B120AB56DDCC}"
EndProject
Project("{FAE04EC0-301F-11D3-BF4B-00C04F79EFBC}") = "ShapesApp.Library", "ShapesApp.Library\ShapesApp.Library.csproj", "{B4ADC318-79F5-499A-B9A8-2C572BD6632D}"
EndProject
Global
	GlobalSection(SolutionConfigurationPlatforms) = preSolution
		Debug|Any CPU = Debug|Any CPU
		Debug|x64 = Debug|x64
		Debug|x86 = Debug|x86
		Release|Any CPU = Release|Any CPU
		Release|x64 = Release|x64
		Release|x86 = Release|x86
	EndGlobalSection
	GlobalSection(SolutionProperties) = preSolution
		HideSolutionNode = FALSE
	EndGlobalSection
	GlobalSection(ProjectConfigurationPlatforms) = postSolution
		{20E426C0-3D1A-4A98-9044-B120AB56DDCC}.Debug|Any CPU.ActiveCfg = Debug|Any CPU
		{20E426C0-3D1A-4A98-9044-B120AB56DDCC}.Debug|Any CPU.Build.0 = Debug|Any CPU
		{20E426C0-3D1A-4A98-9044-B120AB56DDCC}.Debug|x64.ActiveCfg = Debug|Any CPU
		{20E426C0-3D1A-4A98-9044-B120AB56DDCC}.Debug|x64.Build.0 = Debug|Any CPU
		{20E426C0-3D1A-4A98-9044-B120AB56DDCC}.Debug|x86.ActiveCfg = Debug|Any CPU
		{20E426C0-3D1A-4A98-9044-B120AB56DDCC}.Debug|x86.Build.0 = Debug|Any CPU
		{20E426C0-3D1A-4A98-9044-B120AB56DDCC}.Release|Any CPU.ActiveCfg = Release|Any CPU
		{20E426C0-3D1A-4A98-9044-B120AB56DDCC}.Release|Any CPU.Build.0 = Release|Any CPU
		{20E426C0-3D1A-4A98-9044-B120AB56DDCC}.Release|x64.ActiveCfg = Release|Any CPU
		{20E426C0-3D1A-4A98-9044-B120AB56DDCC}.Release|x64.Build.0 = Release|Any CPU
		{20E426C0-3D1A-4A98-9044-B120AB56DDCC}.Release|x86.ActiveCfg = Release|Any CPU
		{20E426C0-3D1A-4A98-9044-B120AB56DDCC}.Release|x86.Build.0 = Release|Any CPU
		{B4ADC318-79F5-499A-B9A8-2C572BD6632D}.Debug|Any CPU.ActiveCfg = Debug|Any CPU
		{B4ADC318-79F5-499A-B9A8-2C572BD6632D}.Debug|Any CPU.Build.0 = Debug|Any CPU
		{B4ADC318-79F5-499A-B9A8-2C572BD6632D}.Debug|x64.ActiveCfg = Debug|Any CPU
		{B4ADC318-79F5-499A-B9A8-2C572BD6632D}.Debug|x64.Build.0 = Debug|Any CPU
		{B4ADC318-79F5-499A-B9A8-2C572BD6632D}.Debug|x86.ActiveCfg = Debug|Any CPU
		{B4ADC318-79F5-499A-B9A8-2C572BD6632D}.Debug|x86.Build.0 = Debug|Any CPU
		{B4ADC318-79F5-499A-B9A8-2C572BD6632D}.Release|Any CPU.ActiveCfg = Release|Any CPU
		{B4ADC318-79F5-499A-B9A8-2C572BD6632D}.Release|Any CPU.Build.0 = Release|Any CPU
		{B4ADC318-79F5-499A-B9A8-2C572BD6632D}.Release|x64.ActiveCfg = Release|Any CPU
		{B4ADC318-79F5-499A-B9A8-2C572BD6632D}.Release|x64.Build.0 = Release|Any CPU
		{B4ADC318-79F5-499A-B9A8-2C572BD6632D}.Release|x86.ActiveCfg = Release|Any CPU
		{B4ADC318-79F5-499A-B9A8-2C572BD6632D}.Release|x86.Build.0 = Release|Any CPU
	EndGlobalSection
EndGlobal
