
Microsoft Visual Studio Solution File, Format Version 12.00
# Visual Studio Version 16
VisualStudioVersion = 16.0.29326.143
MinimumVisualStudioVersion = 10.0.40219.1
Project("{9A19103F-16F7-4668-BE54-9A1E7A4F7556}") = "StoreApp.Tests", "StoreApp.Tests\StoreApp.Tests.csproj", "{1F2886B4-C6B1-427D-A452-41B3DFA99299}"
EndProject
Project("{9A19103F-16F7-4668-BE54-9A1E7A4F7556}") = "StoreApp.BusinessLogic", "StoreApp.Library\StoreApp.BusinessLogic.csproj", "{EEE7BDF1-6178-47C6-B440-399026B751D1}"
EndProject
Project("{9A19103F-16F7-4668-BE54-9A1E7A4F7556}") = "StoreApp.Main", "StoreApp.Main\StoreApp.Main.csproj", "{DF89783D-5B71-42D9-8590-BCAFF2628878}"
EndProject
Project("{FAE04EC0-301F-11D3-BF4B-00C04F79EFBC}") = "StoreApp.DataAccess", "StoreApp.DataLibrary\StoreApp.DataAccess.csproj", "{EBECF4AA-14A0-4FF0-8913-C3258178293C}"
EndProject
Global
	GlobalSection(SolutionConfigurationPlatforms) = preSolution
		Debug|Any CPU = Debug|Any CPU
		Release|Any CPU = Release|Any CPU
	EndGlobalSection
	GlobalSection(ProjectConfigurationPlatforms) = postSolution
		{1F2886B4-C6B1-427D-A452-41B3DFA99299}.Debug|Any CPU.ActiveCfg = Debug|Any CPU
		{1F2886B4-C6B1-427D-A452-41B3DFA99299}.Debug|Any CPU.Build.0 = Debug|Any CPU
		{1F2886B4-C6B1-427D-A452-41B3DFA99299}.Release|Any CPU.ActiveCfg = Release|Any CPU
		{1F2886B4-C6B1-427D-A452-41B3DFA99299}.Release|Any CPU.Build.0 = Release|Any CPU
		{EEE7BDF1-6178-47C6-B440-399026B751D1}.Debug|Any CPU.ActiveCfg = Debug|Any CPU
		{EEE7BDF1-6178-47C6-B440-399026B751D1}.Debug|Any CPU.Build.0 = Debug|Any CPU
		{EEE7BDF1-6178-47C6-B440-399026B751D1}.Release|Any CPU.ActiveCfg = Release|Any CPU
		{EEE7BDF1-6178-47C6-B440-399026B751D1}.Release|Any CPU.Build.0 = Release|Any CPU
		{DF89783D-5B71-42D9-8590-BCAFF2628878}.Debug|Any CPU.ActiveCfg = Debug|Any CPU
		{DF89783D-5B71-42D9-8590-BCAFF2628878}.Debug|Any CPU.Build.0 = Debug|Any CPU
		{DF89783D-5B71-42D9-8590-BCAFF2628878}.Release|Any CPU.ActiveCfg = Release|Any CPU
		{DF89783D-5B71-42D9-8590-BCAFF2628878}.Release|Any CPU.Build.0 = Release|Any CPU
		{EBECF4AA-14A0-4FF0-8913-C3258178293C}.Debug|Any CPU.ActiveCfg = Debug|Any CPU
		{EBECF4AA-14A0-4FF0-8913-C3258178293C}.Debug|Any CPU.Build.0 = Debug|Any CPU
		{EBECF4AA-14A0-4FF0-8913-C3258178293C}.Release|Any CPU.ActiveCfg = Release|Any CPU
		{EBECF4AA-14A0-4FF0-8913-C3258178293C}.Release|Any CPU.Build.0 = Release|Any CPU
	EndGlobalSection
	GlobalSection(SolutionProperties) = preSolution
		HideSolutionNode = FALSE
	EndGlobalSection
	GlobalSection(ExtensibilityGlobals) = postSolution
		SolutionGuid = {052731FD-B96C-4BCC-AEE9-3E1FE13FA2FC}
	EndGlobalSection
EndGlobal
